
Microsoft Visual Studio Solution File, Format Version 12.00
# Visual Studio Version 17
VisualStudioVersion = 17.2.32526.322
MinimumVisualStudioVersion = 10.0.40219.1
Project("{9A19103F-16F7-4668-BE54-9A1E7A4F7556}") = "HelloWorldConsoleApp", "HelloWorldConsoleApp\HelloWorldConsoleApp.csproj", "{6559C57E-A70D-4C2C-AFDC-1E414176074E}"
EndProject
Project("{FAE04EC0-301F-11D3-BF4B-00C04F79EFBC}") = "task_2", "task_2\task_2.csproj", "{02114BA8-EF75-46FC-96AC-C61B2F53772B}"
EndProject
Global
	GlobalSection(SolutionConfigurationPlatforms) = preSolution
		Debug|Any CPU = Debug|Any CPU
		Release|Any CPU = Release|Any CPU
	EndGlobalSection
	GlobalSection(ProjectConfigurationPlatforms) = postSolution
		{6559C57E-A70D-4C2C-AFDC-1E414176074E}.Debug|Any CPU.ActiveCfg = Debug|Any CPU
		{6559C57E-A70D-4C2C-AFDC-1E414176074E}.Debug|Any CPU.Build.0 = Debug|Any CPU
		{6559C57E-A70D-4C2C-AFDC-1E414176074E}.Release|Any CPU.ActiveCfg = Release|Any CPU
		{6559C57E-A70D-4C2C-AFDC-1E414176074E}.Release|Any CPU.Build.0 = Release|Any CPU
		{02114BA8-EF75-46FC-96AC-C61B2F53772B}.Debug|Any CPU.ActiveCfg = Debug|Any CPU
		{02114BA8-EF75-46FC-96AC-C61B2F53772B}.Debug|Any CPU.Build.0 = Debug|Any CPU
		{02114BA8-EF75-46FC-96AC-C61B2F53772B}.Release|Any CPU.ActiveCfg = Release|Any CPU
		{02114BA8-EF75-46FC-96AC-C61B2F53772B}.Release|Any CPU.Build.0 = Release|Any CPU
	EndGlobalSection
	GlobalSection(SolutionProperties) = preSolution
		HideSolutionNode = FALSE
	EndGlobalSection
	GlobalSection(ExtensibilityGlobals) = postSolution
		SolutionGuid = {10D2D59C-220A-41DB-9668-FE3A8394EB45}
	EndGlobalSection
EndGlobal
